github.com/dlclark/regexp2/v2 v2.0.1 h1:eaQ7GE11jgSwLMM5BQ9BerbAXI3TLq+Y6o53V6z2tlw=
github.com/dlclark/regexp2/v2 v2.0.1/go.mod h1:Bz5TMy5d8fPK0ximH0Yi9KvsRHNnvXqUx9XG6a4wB+I=
github.com/jtacoma/uritemplates v1.0.0 h1:xwx5sBF7pPAb0Uj8lDC1Q/aBPpOFyQza7OC705ZlLCo=
github.com/jtacoma/uritemplates v1.0.0/go.mod h1:IhIICdE9OcvgUnGwTtJxgBQ+VrTrti5PcbLVSJianO8=
github.com/katydid/parser-go v0.8.7 h1:mopBpRzJctDA6lkN8VZDdLgXwKcJVPQI2MASAwBr7XA=
github.com/katydid/parser-go v0.8.7/go.mod h1:e6PzxUlxRtkeyCMHQW7l+xG6/r/3edg14k2KK4l2WL4=
github.com/katydid/parser-go-json v0.5.7 h1:9xAC429ddoEkTb1Ew1GEdxTcpXOvPOAo3A6PN/3i9Ug=
github.com/katydid/parser-go-json v0.5.7/go.mod h1:mOmOFzPcDmD9rzyJnX8QGCfcXFQ/iRDEG6r4iMIfzOM=
github.com/katydid/parser-go-reflect v0.3.5 h1:M74uwcsGBboleYnsoZgFKVfsf6+fEHCXo1wsnEm2xpU=
github.com/katydid/parser-go-reflect v0.3.5/go.mod h1:BY97hzM9BnqraDHZJkrsTRQ2WXlizZKX+I84LbX98BY=
github.com/katydid/validator-go v0.6.5-0.20260624180133-e0d32e3cbee9 h1:ndkM6+SU1wp0tG2xnqFGWh39pNnKjgOIZSKStcUhtXw=
github.com/katydid/validator-go v0.6.5-0.20260624180133-e0d32e3cbee9/go.mod h1:ynv0Bda23kvggMEfPP2CIknEXtFulVQy6/3FPuHMYG4=
github.com/katydid/validator-go-jsonschema v0.0.0-20260624180403-7b7a6ac798e2 h1:hAjaekVVawBqiTieGzPPu4xA8pNvZOu9DYpfCYhjVFM=
github.com/katydid/validator-go-jsonschema v0.0.0-20260624180403-7b7a6ac798e2/go.mod h1:3xhY0ZMs4/D5C90z6m3hNcyN06hrqyKNN2XWTh0fIEg=
